
Microsoft Visual Studio Solution File, Format Version 12.00
# Visual Studio 15
VisualStudioVersion = 15.0.28010.0
MinimumVisualStudioVersion = 10.0.40219.1
Project("{9A19103F-16F7-4668-BE54-9A1E7A4F7556}") = "Adventure", "Adventure\Adventure.csproj", "{2D94CC36-54A8-4D09-B042-D7161493DB64}"
EndProject
Global
	GlobalSection(SolutionConfigurationPlatforms) = preSolution
		Debug|Any CPU = Debug|Any CPU
		Release|Any CPU = Release|Any CPU
	EndGlobalSection
	GlobalSection(ProjectConfigurationPlatforms) = postSolution
		{2D94CC36-54A8-4D09-B042-D7161493DB64}.Debug|Any CPU.ActiveCfg = Debug|Any CPU
		{2D94CC36-54A8-4D09-B042-D7161493DB64}.Debug|Any CPU.Build.0 = Debug|Any CPU
		{2D94CC36-54A8-4D09-B042-D7161493DB64}.Release|Any CPU.ActiveCfg = Release|Any CPU
		{2D94CC36-54A8-4D09-B042-D7161493DB64}.Release|Any CPU.Build.0 = Release|Any CPU
	EndGlobalSection
	GlobalSection(SolutionProperties) = preSolution
		HideSolutionNode = FALSE
	EndGlobalSection
	GlobalSection(ExtensibilityGlobals) = postSolution
		SolutionGuid = {68419DDD-F908-4736-B78E-9408B0B9BA5E}
	EndGlobalSection
EndGlobal
